
Microsoft Visual Studio Solution File, Format Version 12.00
# Visual Studio Version 16
VisualStudioVersion = 16.0.33920.266
MinimumVisualStudioVersion = 10.0.40219.1
Project("{FAE04EC0-301F-11D3-BF4B-00C04F79EFBC}") = "Exam37", "Exam37.csproj", "{0A9E6D5B-E507-45ED-B878-A34FB9C33CF0}"
EndProject
Global
	GlobalSection(SolutionConfigurationPlatforms) = preSolution
		Debug|Any CPU = Debug|Any CPU
		Release|Any CPU = Release|Any CPU
	EndGlobalSection
	GlobalSection(ProjectConfigurationPlatforms) = postSolution
		{0A9E6D5B-E507-45ED-B878-A34FB9C33CF0}.Debug|Any CPU.ActiveCfg = Debug|Any CPU
		{0A9E6D5B-E507-45ED-B878-A34FB9C33CF0}.Debug|Any CPU.Build.0 = Debug|Any CPU
		{0A9E6D5B-E507-45ED-B878-A34FB9C33CF0}.Release|Any CPU.ActiveCfg = Release|Any CPU
		{0A9E6D5B-E507-45ED-B878-A34FB9C33CF0}.Release|Any CPU.Build.0 = Release|Any CPU
	EndGlobalSection
	GlobalSection(SolutionProperties) = preSolution
		HideSolutionNode = FALSE
	EndGlobalSection
	GlobalSection(ExtensibilityGlobals) = postSolution
		SolutionGuid = {8DB467E0-2AE6-4717-94F8-E18A3FD6965C}
	EndGlobalSection
EndGlobal
