
Microsoft Visual Studio Solution File, Format Version 12.00
# Visual Studio Version 16
VisualStudioVersion = 16.0.33920.266
MinimumVisualStudioVersion = 10.0.40219.1
Project("{FAE04EC0-301F-11D3-BF4B-00C04F79EFBC}") = "Exam28", "Exam28.csproj", "{BC74800B-15CD-4D32-A570-0954D893400F}"
EndProject
Global
	GlobalSection(SolutionConfigurationPlatforms) = preSolution
		Debug|Any CPU = Debug|Any CPU
		Release|Any CPU = Release|Any CPU
	EndGlobalSection
	GlobalSection(ProjectConfigurationPlatforms) = postSolution
		{BC74800B-15CD-4D32-A570-0954D893400F}.Debug|Any CPU.ActiveCfg = Debug|Any CPU
		{BC74800B-15CD-4D32-A570-0954D893400F}.Debug|Any CPU.Build.0 = Debug|Any CPU
		{BC74800B-15CD-4D32-A570-0954D893400F}.Release|Any CPU.ActiveCfg = Release|Any CPU
		{BC74800B-15CD-4D32-A570-0954D893400F}.Release|Any CPU.Build.0 = Release|Any CPU
	EndGlobalSection
	GlobalSection(SolutionProperties) = preSolution
		HideSolutionNode = FALSE
	EndGlobalSection
	GlobalSection(ExtensibilityGlobals) = postSolution
		SolutionGuid = {8D222740-FDBE-4583-B9B5-E975E887BBEB}
	EndGlobalSection
EndGlobal
