
Microsoft Visual Studio Solution File, Format Version 12.00
# Visual Studio Version 17
VisualStudioVersion = 17.8.34525.116
MinimumVisualStudioVersion = 10.0.40219.1
Project("{FAE04EC0-301F-11D3-BF4B-00C04F79EFBC}") = "Exam5", "Exam5\Exam5.csproj", "{32044399-D186-4105-983F-61EDAB346FDF}"
EndProject
Global
	GlobalSection(SolutionConfigurationPlatforms) = preSolution
		Debug|Any CPU = Debug|Any CPU
		Release|Any CPU = Release|Any CPU
	EndGlobalSection
	GlobalSection(ProjectConfigurationPlatforms) = postSolution
		{32044399-D186-4105-983F-61EDAB346FDF}.Debug|Any CPU.ActiveCfg = Debug|Any CPU
		{32044399-D186-4105-983F-61EDAB346FDF}.Debug|Any CPU.Build.0 = Debug|Any CPU
		{32044399-D186-4105-983F-61EDAB346FDF}.Release|Any CPU.ActiveCfg = Release|Any CPU
		{32044399-D186-4105-983F-61EDAB346FDF}.Release|Any CPU.Build.0 = Release|Any CPU
	EndGlobalSection
	GlobalSection(SolutionProperties) = preSolution
		HideSolutionNode = FALSE
	EndGlobalSection
	GlobalSection(ExtensibilityGlobals) = postSolution
		SolutionGuid = {32114C54-CF76-4983-B2B9-D180F60AFCD4}
	EndGlobalSection
EndGlobal
