
Microsoft Visual Studio Solution File, Format Version 12.00
# Visual Studio Version 17
VisualStudioVersion = 17.8.34511.84
MinimumVisualStudioVersion = 10.0.40219.1
Project("{FAE04EC0-301F-11D3-BF4B-00C04F79EFBC}") = "podgot1z", "podgot1z.csproj", "{6DFA9245-D2D3-4F0C-9528-8000F4C77240}"
EndProject
Global
	GlobalSection(SolutionConfigurationPlatforms) = preSolution
		Debug|Any CPU = Debug|Any CPU
		Release|Any CPU = Release|Any CPU
	EndGlobalSection
	GlobalSection(ProjectConfigurationPlatforms) = postSolution
		{6DFA9245-D2D3-4F0C-9528-8000F4C77240}.Debug|Any CPU.ActiveCfg = Debug|Any CPU
		{6DFA9245-D2D3-4F0C-9528-8000F4C77240}.Debug|Any CPU.Build.0 = Debug|Any CPU
		{6DFA9245-D2D3-4F0C-9528-8000F4C77240}.Release|Any CPU.ActiveCfg = Release|Any CPU
		{6DFA9245-D2D3-4F0C-9528-8000F4C77240}.Release|Any CPU.Build.0 = Release|Any CPU
	EndGlobalSection
	GlobalSection(SolutionProperties) = preSolution
		HideSolutionNode = FALSE
	EndGlobalSection
	GlobalSection(ExtensibilityGlobals) = postSolution
		SolutionGuid = {C5BC6A19-618F-406F-8D42-31B36B02BF2A}
	EndGlobalSection
EndGlobal
